
Microsoft Visual Studio Solution File, Format Version 12.00
# Visual Studio Version 17
VisualStudioVersion = 17.5.33502.453
MinimumVisualStudioVersion = 10.0.40219.1
Project("{FAE04EC0-301F-11D3-BF4B-00C04F79EFBC}") = "WebApp", "WebApp.csproj", "{3EDBD705-507F-4F1A-A558-8D41F5788471}"
EndProject
Global
	GlobalSection(SolutionConfigurationPlatforms) = preSolution
		Debug|Any CPU = Debug|Any CPU
		Release|Any CPU = Release|Any CPU
	EndGlobalSection
	GlobalSection(ProjectConfigurationPlatforms) = postSolution
		{3EDBD705-507F-4F1A-A558-8D41F5788471}.Debug|Any CPU.ActiveCfg = Debug|Any CPU
		{3EDBD705-507F-4F1A-A558-8D41F5788471}.Debug|Any CPU.Build.0 = Debug|Any CPU
		{3EDBD705-507F-4F1A-A558-8D41F5788471}.Release|Any CPU.ActiveCfg = Release|Any CPU
		{3EDBD705-507F-4F1A-A558-8D41F5788471}.Release|Any CPU.Build.0 = Release|Any CPU
	EndGlobalSection
	GlobalSection(SolutionProperties) = preSolution
		HideSolutionNode = FALSE
	EndGlobalSection
	GlobalSection(ExtensibilityGlobals) = postSolution
		SolutionGuid = {6E0138C3-C46A-4F17-860E-C2A982AA2F61}
	EndGlobalSection
EndGlobal
